
Microsoft Visual Studio Solution File, Format Version 12.00
# Visual Studio Version 17
VisualStudioVersion = 17.10.35013.160
MinimumVisualStudioVersion = 10.0.40219.1
Project("{9A19103F-16F7-4668-BE54-9A1E7A4F7556}") = "WpfMapApp1", "WpfMapApp1\WpfMapApp1.csproj", "{DBE43AD8-105C-4926-AC94-3B60C37AE6F0}"
EndProject
Project("{C7167F0D-BC9F-4E6E-AFE1-012C56B48DB5}") = "WpfMapApp1.Packaging", "WpfMapApp1.Packaging\WpfMapApp1.Packaging.wapproj", "{82F73C7B-74B9-4341-B991-FA669EC02541}"
EndProject
Global
	GlobalSection(SolutionConfigurationPlatforms) = preSolution
		Debug|Any CPU = Debug|Any CPU
		Release|Any CPU = Release|Any CPU
	EndGlobalSection
	GlobalSection(ProjectConfigurationPlatforms) = postSolution
		{DBE43AD8-105C-4926-AC94-3B60C37AE6F0}.Debug|Any CPU.ActiveCfg = Debug|Any CPU
		{DBE43AD8-105C-4926-AC94-3B60C37AE6F0}.Debug|Any CPU.Build.0 = Debug|Any CPU
		{DBE43AD8-105C-4926-AC94-3B60C37AE6F0}.Release|Any CPU.ActiveCfg = Release|Any CPU
		{DBE43AD8-105C-4926-AC94-3B60C37AE6F0}.Release|Any CPU.Build.0 = Release|Any CPU
		{82F73C7B-74B9-4341-B991-FA669EC02541}.Debug|Any CPU.ActiveCfg = Debug|Any CPU
		{82F73C7B-74B9-4341-B991-FA669EC02541}.Debug|Any CPU.Build.0 = Debug|Any CPU
		{82F73C7B-74B9-4341-B991-FA669EC02541}.Debug|Any CPU.Deploy.0 = Debug|Any CPU
		{82F73C7B-74B9-4341-B991-FA669EC02541}.Release|Any CPU.ActiveCfg = Release|Any CPU
		{82F73C7B-74B9-4341-B991-FA669EC02541}.Release|Any CPU.Build.0 = Release|Any CPU
		{82F73C7B-74B9-4341-B991-FA669EC02541}.Release|Any CPU.Deploy.0 = Release|Any CPU
	EndGlobalSection
	GlobalSection(SolutionProperties) = preSolution
		HideSolutionNode = FALSE
	EndGlobalSection
	GlobalSection(ExtensibilityGlobals) = postSolution
		SolutionGuid = {25573AA5-A13E-4466-89B5-97B113AFBDC3}
	EndGlobalSection
EndGlobal
